
Microsoft Visual Studio Solution File, Format Version 12.00
# Visual Studio 14
VisualStudioVersion = 14.0.25420.1
MinimumVisualStudioVersion = 10.0.40219.1
Project("{8BC9CEB8-8B4A-11D0-8D11-00A0C91BC942}") = "cyWldSkeletonTransferNode", "cyWldSkeletonTransferNode\cyWldSkeletonTransferNode.vcxproj", "{8EE12915-DEBB-4339-BC0A-FE679F5190DC}"
EndProject
Project("{8BC9CEB8-8B4A-11D0-8D11-00A0C91BC942}") = "apiutils", "..\apiutils\apiutils.vcxproj", "{FA65F684-5C37-45EC-B8FE-8B4B29F4872B}"
EndProject
Global
	GlobalSection(SolutionConfigurationPlatforms) = preSolution
		Debug|x64 = Debug|x64
		Debug|x86 = Debug|x86
		Release|x64 = Release|x64
		Release|x86 = Release|x86
	EndGlobalSection
	GlobalSection(ProjectConfigurationPlatforms) = postSolution
		{8EE12915-DEBB-4339-BC0A-FE679F5190DC}.Debug|x64.ActiveCfg = Debug|x64
		{8EE12915-DEBB-4339-BC0A-FE679F5190DC}.Debug|x64.Build.0 = Debug|x64
		{8EE12915-DEBB-4339-BC0A-FE679F5190DC}.Debug|x86.ActiveCfg = Debug|x64
		{8EE12915-DEBB-4339-BC0A-FE679F5190DC}.Release|x64.ActiveCfg = Release|x64
		{8EE12915-DEBB-4339-BC0A-FE679F5190DC}.Release|x64.Build.0 = Release|x64
		{8EE12915-DEBB-4339-BC0A-FE679F5190DC}.Release|x86.ActiveCfg = Release|x64
		{FA65F684-5C37-45EC-B8FE-8B4B29F4872B}.Debug|x64.ActiveCfg = Debug|x64
		{FA65F684-5C37-45EC-B8FE-8B4B29F4872B}.Debug|x64.Build.0 = Debug|x64
		{FA65F684-5C37-45EC-B8FE-8B4B29F4872B}.Debug|x86.ActiveCfg = Debug|x64
		{FA65F684-5C37-45EC-B8FE-8B4B29F4872B}.Release|x64.ActiveCfg = Release|x64
		{FA65F684-5C37-45EC-B8FE-8B4B29F4872B}.Release|x64.Build.0 = Release|x64
		{FA65F684-5C37-45EC-B8FE-8B4B29F4872B}.Release|x86.ActiveCfg = Release|x64
	EndGlobalSection
	GlobalSection(SolutionProperties) = preSolution
		HideSolutionNode = FALSE
	EndGlobalSection
EndGlobal
